// !$*UTF8*$!
{
	archiveVersion = 1;
	classes = {
	};
	objectVersion = 46;
	objects = {

/* Begin PBXBuildFile section */
		6495C55B19EB06E7006CF5A0 /* AppDelegate.swift in Sources */ = {isa = PBXBuildFile; fileRef = 6495C55A19EB06E7006CF5A0 /* AppDelegate.swift */; };
		6495C55E19EB06E7006CF5A0 /* QckRoast.xcdatamodeld in Sources */ = {isa = PBXBuildFile; fileRef = 6495C55C19EB06E7006CF5A0 /* QckRoast.xcdatamodeld */; };
		6495C56019EB06E7006CF5A0 /* ViewController.swift in Sources */ = {isa = PBXBuildFile; fileRef = 6495C55F19EB06E7006CF5A0 /* ViewController.swift */; };
		6495C56319EB06E7006CF5A0 /* Main.storyboard in Resources */ = {isa = PBXBuildFile; fileRef = 6495C56119EB06E7006CF5A0 /* Main.storyboard */; };
		6495C56519EB06E7006CF5A0 /* Images.xcassets in Resources */ = {isa = PBXBuildFile; fileRef = 6495C56419EB06E7006CF5A0 /* Images.xcassets */; };
		6495C56819EB06E7006CF5A0 /* LaunchScreen.xib in Resources */ = {isa = PBXBuildFile; fileRef = 6495C56619EB06E7006CF5A0 /* LaunchScreen.xib */; };
		6495C57419EB06E7006CF5A0 /* QckRoastTests.swift in Sources */ = {isa = PBXBuildFile; fileRef = 6495C57319EB06E7006CF5A0 /* QckRoastTests.swift */; };
/* End PBXBuildFile section */

/* Begin PBXContainerItemProxy section */
		6495C56E19EB06E7006CF5A0 /* PBXContainerItemProxy */ = {
			isa = PBXContainerItemProxy;
			containerPortal = 6495C54D19EB06E7006CF5A0 /* Project object */;
			proxyType = 1;
			remoteGlobalIDString = 6495C55419EB06E7006CF5A0;
			remoteInfo = QckRoast;
		};
/* End PBXContainerItemProxy section */

/* Begin PBXFileReference section */
		6495C55519EB06E7006CF5A0 /* QckRoast.app */ = {isa = PBXFileReference; explicitFileType = wrapper.application; includeInIndex = 0; path = QckRoast.app; sourceTree = BUILT_PRODUCTS_DIR; };
		6495C55919EB06E7006CF5A0 /* Info.plist */ = {isa = PBXFileReference; lastKnownFileType = text.plist.xml; path = Info.plist; sourceTree = "<group>"; };
		6495C55A19EB06E7006CF5A0 /* AppDelegate.swift */ = {isa = PBXFileReference; lastKnownFileType = sourcecode.swift; path = AppDelegate.swift; sourceTree = "<group>"; };
		6495C55D19EB06E7006CF5A0 /* QckRoast.xcdatamodel */ = {isa = PBXFileReference; lastKnownFileType = wrapper.xcdatamodel; path = QckRoast.xcdatamodel; sourceTree = "<group>"; };
		6495C55F19EB06E7006CF5A0 /* ViewController.swift */ = {isa = PBXFileReference; lastKnownFileType = sourcecode.swift; path = ViewController.swift; sourceTree = "<group>"; };
		6495C56219EB06E7006CF5A0 /* Base */ = {isa = PBXFileReference; lastKnownFileType = file.storyboard; name = Base; path = Base.lproj/Main.storyboard; sourceTree = "<group>"; };
		6495C56419EB06E7006CF5A0 /* Images.xcassets */ = {isa = PBXFileReference; lastKnownFileType = folder.assetcatalog; path = Images.xcassets; sourceTree = "<group>"; };
		6495C56719EB06E7006CF5A0 /* Base */ = {isa = PBXFileReference; lastKnownFileType = file.xib; name = Base; path = Base.lproj/LaunchScreen.xib; sourceTree = "<group>"; };
		6495C56D19EB06E7006CF5A0 /* QckRoastTests.xctest */ = {isa = PBXFileReference; explicitFileType = wrapper.cfbundle; includeInIndex = 0; path = QckRoastTests.xctest; sourceTree = BUILT_PRODUCTS_DIR; };
		6495C57219EB06E7006CF5A0 /* Info.plist */ = {isa = PBXFileReference; lastKnownFileType = text.plist.xml; path = Info.plist; sourceTree = "<group>"; };
		6495C57319EB06E7006CF5A0 /* QckRoastTests.swift */ = {isa = PBXFileReference; lastKnownFileType = sourcecode.swift; path = QckRoastTests.swift; sourceTree = "<group>"; };
/* End PBXFileReference section */

/* Begin PBXFrameworksBuildPhase section */
		6495C55219EB06E7006CF5A0 /* Frameworks */ = {
			isa = PBXFrameworksBuildPhase;
			buildActionMask = 2147483647;
			files = (
			);
			runOnlyForDeploymentPostprocessing = 0;
		};
		6495C56A19EB06E7006CF5A0 /* Frameworks */ = {
			isa = PBXFrameworksBuildPhase;
			buildActionMask = 2147483647;
			files = (
			);
			runOnlyForDeploymentPostprocessing = 0;
		};
/* End PBXFrameworksBuildPhase section */

/* Begin PBXGroup section */
		6495C54C19EB06E7006CF5A0 = {
			isa = PBXGroup;
			children = (
				6495C55719EB06E7006CF5A0 /* QckRoast */,
				6495C57019EB06E7006CF5A0 /* QckRoastTests */,
				6495C55619EB06E7006CF5A0 /* Products */,
			);
			sourceTree = "<group>";
		};
		6495C55619EB06E7006CF5A0 /* Products */ = {
			isa = PBXGroup;
			children = (
				6495C55519EB06E7006CF5A0 /* QckRoast.app */,
				6495C56D19EB06E7006CF5A0 /* QckRoastTests.xctest */,
			);
			name = Products;
			sourceTree = "<group>";
		};
		6495C55719EB06E7006CF5A0 /* QckRoast */ = {
			isa = PBXGroup;
			children = (
				6495C55A19EB06E7006CF5A0 /* AppDelegate.swift */,
				6495C55F19EB06E7006CF5A0 /* ViewController.swift */,
				6495C56119EB06E7006CF5A0 /* Main.storyboard */,
				6495C56419EB06E7006CF5A0 /* Images.xcassets */,
				6495C56619EB06E7006CF5A0 /* LaunchScreen.xib */,
				6495C55C19EB06E7006CF5A0 /* QckRoast.xcdatamodeld */,
				6495C55819EB06E7006CF5A0 /* Supporting Files */,
			);
			path = QckRoast;
			sourceTree = "<group>";
		};
		6495C55819EB06E7006CF5A0 /* Supporting Files */ = {
			isa = PBXGroup;
			children = (
				6495C55919EB06E7006CF5A0 /* Info.plist */,
			);
			name = "Supporting Files";
			sourceTree = "<group>";
		};
		6495C57019EB06E7006CF5A0 /* QckRoastTests */ = {
			isa = PBXGroup;
			children = (
				6495C57319EB06E7006CF5A0 /* QckRoastTests.swift */,
				6495C57119EB06E7006CF5A0 /* Supporting Files */,
			);
			path = QckRoastTests;
			sourceTree = "<group>";
		};
		6495C57119EB06E7006CF5A0 /* Supporting Files */ = {
			isa = PBXGroup;
			children = (
				6495C57219EB06E7006CF5A0 /* Info.plist */,
			);
			name = "Supporting Files";
			sourceTree = "<group>";
		};
/* End PBXGroup section */

/* Begin PBXNativeTarget section */
		6495C55419EB06E7006CF5A0 /* QckRoast */ = {
			isa = PBXNativeTarget;
			buildConfigurationList = 6495C57719EB06E7006CF5A0 /* Build configuration list for PBXNativeTarget "QckRoast" */;
			buildPhases = (
				6495C55119EB06E7006CF5A0 /* Sources */,
				6495C55219EB06E7006CF5A0 /* Frameworks */,
				6495C55319EB06E7006CF5A0 /* Resources */,
			);
			buildRules = (
			);
			dependencies = (
			);
			name = QckRoast;
			productName = QckRoast;
			productReference = 6495C55519EB06E7006CF5A0 /* QckRoast.app */;
			productType = "com.apple.product-type.application";
		};
		6495C56C19EB06E7006CF5A0 /* QckRoastTests */ = {
			isa = PBXNativeTarget;
			buildConfigurationList = 6495C57A19EB06E7006CF5A0 /* Build configuration list for PBXNativeTarget "QckRoastTests" */;
			buildPhases = (
				6495C56919EB06E7006CF5A0 /* Sources */,
				6495C56A19EB06E7006CF5A0 /* Frameworks */,
				6495C56B19EB06E7006CF5A0 /* Resources */,
			);
			buildRules = (
			);
			dependencies = (
				6495C56F19EB06E7006CF5A0 /* PBXTargetDependency */,
			);
			name = QckRoastTests;
			productName = QckRoastTests;
			productReference = 6495C56D19EB06E7006CF5A0 /* QckRoastTests.xctest */;
			productType = "com.apple.product-type.bundle.unit-test";
		};
/* End PBXNativeTarget section */

/* Begin PBXProject section */
		6495C54D19EB06E7006CF5A0 /* Project object */ = {
			isa = PBXProject;
			attributes = {
				LastUpgradeCheck = 0600;
				ORGANIZATIONNAME = "Jamone Kelly";
				TargetAttributes = {
					6495C55419EB06E7006CF5A0 = {
						CreatedOnToolsVersion = 6.0.1;
					};
					6495C56C19EB06E7006CF5A0 = {
						CreatedOnToolsVersion = 6.0.1;
						TestTargetID = 6495C55419EB06E7006CF5A0;
					};
				};
			};
			buildConfigurationList = 6495C55019EB06E7006CF5A0 /* Build configuration list for PBXProject "QckRoast" */;
			compatibilityVersion = "Xcode 3.2";
			developmentRegion = English;
			hasScannedForEncodings = 0;
			knownRegions = (
				en,
				Base,
			);
			mainGroup = 6495C54C19EB06E7006CF5A0;
			productRefGroup = 6495C55619EB06E7006CF5A0 /* Products */;
			projectDirPath = "";
			projectRoot = "";
			targets = (
				6495C55419EB06E7006CF5A0 /* QckRoast */,
				6495C56C19EB06E7006CF5A0 /* QckRoastTests */,
			);
		};
/* End PBXProject section */

/* Begin PBXResourcesBuildPhase section */
		6495C55319EB06E7006CF5A0 /* Resources */ = {
			isa = PBXResourcesBuildPhase;
			buildActionMask = 2147483647;
			files = (
				6495C56319EB06E7006CF5A0 /* Main.storyboard in Resources */,
				6495C56819EB06E7006CF5A0 /* LaunchScreen.xib in Resources */,
				6495C56519EB06E7006CF5A0 /* Images.xcassets in Resources */,
			);
			runOnlyForDeploymentPostprocessing = 0;
		};
		6495C56B19EB06E7006CF5A0 /* Resources */ = {
			isa = PBXResourcesBuildPhase;
			buildActionMask = 2147483647;
			files = (
			);
			runOnlyForDeploymentPostprocessing = 0;
		};
/* End PBXResourcesBuildPhase section */

/* Begin PBXSourcesBuildPhase section */
		6495C55119EB06E7006CF5A0 /* Sources */ = {
			isa = PBXSourcesBuildPhase;
			buildActionMask = 2147483647;
			files = (
				6495C56019EB06E7006CF5A0 /* ViewController.swift in Sources */,
				6495C55B19EB06E7006CF5A0 /* AppDelegate.swift in Sources */,
				6495C55E19EB06E7006CF5A0 /* QckRoast.xcdatamodeld in Sources */,
			);
			runOnlyForDeploymentPostprocessing = 0;
		};
		6495C56919EB06E7006CF5A0 /* Sources */ = {
			isa = PBXSourcesBuildPhase;
			buildActionMask = 2147483647;
			files = (
				6495C57419EB06E7006CF5A0 /* QckRoastTests.swift in Sources */,
			);
			runOnlyForDeploymentPostprocessing = 0;
		};
/* End PBXSourcesBuildPhase section */

/* Begin PBXTargetDependency section */
		6495C56F19EB06E7006CF5A0 /* PBXTargetDependency */ = {
			isa = PBXTargetDependency;
			target = 6495C55419EB06E7006CF5A0 /* QckRoast */;
			targetProxy = 6495C56E19EB06E7006CF5A0 /* PBXContainerItemProxy */;
		};
/* End PBXTargetDependency section */

/* Begin PBXVariantGroup section */
		6495C56119EB06E7006CF5A0 /* Main.storyboard */ = {
			isa = PBXVariantGroup;
			children = (
				6495C56219EB06E7006CF5A0 /* Base */,
			);
			name = Main.storyboard;
			sourceTree = "<group>";
		};
		6495C56619EB06E7006CF5A0 /* LaunchScreen.xib */ = {
			isa = PBXVariantGroup;
			children = (
				6495C56719EB06E7006CF5A0 /* Base */,
			);
			name = LaunchScreen.xib;
			sourceTree = "<group>";
		};
/* End PBXVariantGroup section */

/* Begin XCBuildConfiguration section */
		6495C57519EB06E7006CF5A0 /* Debug */ = {
			isa = XCBuildConfiguration;
			buildSettings = {
				ALWAYS_SEARCH_USER_PATHS = NO;
				CLANG_CXX_LANGUAGE_STANDARD = "gnu++0x";
				CLANG_CXX_LIBRARY = "libc++";
				CLANG_ENABLE_MODULES = YES;
				CLANG_ENABLE_OBJC_ARC = YES;
				CLANG_WARN_BOOL_CONVERSION = YES;
				CLANG_WARN_CONSTANT_CONVERSION = YES;
				CLANG_WARN_DIRECT_OBJC_ISA_USAGE = YES_ERROR;
				CLANG_WARN_EMPTY_BODY = YES;
				CLANG_WARN_ENUM_CONVERSION = YES;
				CLANG_WARN_INT_CONVERSION = YES;
				CLANG_WARN_OBJC_ROOT_CLASS = YES_ERROR;
				CLANG_WARN_UNREACHABLE_CODE = YES;
				CLANG_WARN__DUPLICATE_METHOD_MATCH = YES;
				"CODE_SIGN_IDENTITY[sdk=iphoneos*]" = "iPhone Developer";
				COPY_PHASE_STRIP = NO;
				ENABLE_STRICT_OBJC_MSGSEND = YES;
				GCC_C_LANGUAGE_STANDARD = gnu99;
				GCC_DYNAMIC_NO_PIC = NO;
				GCC_OPTIMIZATION_LEVEL = 0;
				GCC_PREPROCESSOR_DEFINITIONS = (
					"DEBUG=1",
					"$(inherited)",
				);
				GCC_SYMBOLS_PRIVATE_EXTERN = NO;
				GCC_WARN_64_TO_32_BIT_CONVERSION = YES;
				GCC_WARN_ABOUT_RETURN_TYPE = YES_ERROR;
				GCC_WARN_UNDECLARED_SELECTOR = YES;
				GCC_WARN_UNINITIALIZED_AUTOS = YES_AGGRESSIVE;
				GCC_WARN_UNUSED_FUNCTION = YES;
				GCC_WARN_UNUSED_VARIABLE = YES;
				IPHONEOS_DEPLOYMENT_TARGET = 8.0;
				MTL_ENABLE_DEBUG_INFO = YES;
				ONLY_ACTIVE_ARCH = YES;
				SDKROOT = iphoneos;
				SWIFT_OPTIMIZATION_LEVEL = "-Onone";
			};
			name = Debug;
		};
		6495C57619EB06E7006CF5A0 /* Release */ = {
			isa = XCBuildConfiguration;
			buildSettings = {
				ALWAYS_SEARCH_USER_PATHS = NO;
				CLANG_CXX_LANGUAGE_STANDARD = "gnu++0x";
				CLANG_CXX_LIBRARY = "libc++";
				CLANG_ENABLE_MODULES = YES;
				CLANG_ENABLE_OBJC_ARC = YES;
				CLANG_WARN_BOOL_CONVERSION = YES;
				CLANG_WARN_CONSTANT_CONVERSION = YES;
				CLANG_WARN_DIRECT_OBJC_ISA_USAGE = YES_ERROR;
				CLANG_WARN_EMPTY_BODY = YES;
				CLANG_WARN_ENUM_CONVERSION = YES;
				CLANG_WARN_INT_CONVERSION = YES;
				CLANG_WARN_OBJC_ROOT_CLASS = YES_ERROR;
				CLANG_WARN_UNREACHABLE_CODE = YES;
				CLANG_WARN__DUPLICATE_METHOD_MATCH = YES;
				"CODE_SIGN_IDENTITY[sdk=iphoneos*]" = "iPhone Developer";
				COPY_PHASE_STRIP = YES;
				ENABLE_NS_ASSERTIONS = NO;
				ENABLE_STRICT_OBJC_MSGSEND = YES;
				GCC_C_LANGUAGE_STANDARD = gnu99;
				GCC_WARN_64_TO_32_BIT_CONVERSION = YES;
				GCC_WARN_ABOUT_RETURN_TYPE = YES_ERROR;
				GCC_WARN_UNDECLARED_SELECTOR = YES;
				GCC_WARN_UNINITIALIZED_AUTOS = YES_AGGRESSIVE;
				GCC_WARN_UNUSED_FUNCTION = YES;
				GCC_WARN_UNUSED_VARIABLE = YES;
				IPHONEOS_DEPLOYMENT_TARGET = 8.0;
				MTL_ENABLE_DEBUG_INFO = NO;
				SDKROOT = iphoneos;
				VALIDATE_PRODUCT = YES;
			};
			name = Release;
		};
		6495C57819EB06E7006CF5A0 /* Debug */ = {
			isa = XCBuildConfiguration;
			buildSettings = {
				ASSETCATALOG_COMPILER_APPICON_NAME = AppIcon;
				INFOPLIST_FILE = QckRoast/Info.plist;
				LD_RUNPATH_SEARCH_PATHS = "$(inherited) @executable_path/Frameworks";
				PRODUCT_NAME = "$(TARGET_NAME)";
			};
			name = Debug;
		};
		6495C57919EB06E7006CF5A0 /* Release */ = {
			isa = XCBuildConfiguration;
			buildSettings = {
				ASSETCATALOG_COMPILER_APPICON_NAME = AppIcon;
				INFOPLIST_FILE = QckRoast/Info.plist;
				LD_RUNPATH_SEARCH_PATHS = "$(inherited) @executable_path/Frameworks";
				PRODUCT_NAME = "$(TARGET_NAME)";
			};
			name = Release;
		};
		6495C57B19EB06E7006CF5A0 /* Debug */ = {
			isa = XCBuildConfiguration;
			buildSettings = {
				BUNDLE_LOADER = "$(TEST_HOST)";
				FRAMEWORK_SEARCH_PATHS = (
					"$(SDKROOT)/Developer/Library/Frameworks",
					"$(inherited)",
				);
				GCC_PREPROCESSOR_DEFINITIONS = (
					"DEBUG=1",
					"$(inherited)",
				);
				INFOPLIST_FILE = QckRoastTests/Info.plist;
				LD_RUNPATH_SEARCH_PATHS = "$(inherited) @executable_path/Frameworks @loader_path/Frameworks";
				PRODUCT_NAME = "$(TARGET_NAME)";
				TEST_HOST = "$(BUILT_PRODUCTS_DIR)/QckRoast.app/QckRoast";
			};
			name = Debug;
		};
		6495C57C19EB06E7006CF5A0 /* Release */ = {
			isa = XCBuildConfiguration;
			buildSettings = {
				BUNDLE_LOADER = "$(TEST_HOST)";
				FRAMEWORK_SEARCH_PATHS = (
					"$(SDKROOT)/Developer/Library/Frameworks",
					"$(inherited)",
				);
				INFOPLIST_FILE = QckRoastTests/Info.plist;
				LD_RUNPATH_SEARCH_PATHS = "$(inherited) @executable_path/Frameworks @loader_path/Frameworks";
				PRODUCT_NAME = "$(TARGET_NAME)";
				TEST_HOST = "$(BUILT_PRODUCTS_DIR)/QckRoast.app/QckRoast";
			};
			name = Release;
		};
/* End XCBuildConfiguration section */

/* Begin XCConfigurationList section */
		6495C55019EB06E7006CF5A0 /* Build configuration list for PBXProject "QckRoast" */ = {
			isa = XCConfigurationList;
			buildConfigurations = (
				6495C57519EB06E7006CF5A0 /* Debug */,
				6495C57619EB06E7006CF5A0 /* Release */,
			);
			defaultConfigurationIsVisible = 0;
			defaultConfigurationName = Release;
		};
		6495C57719EB06E7006CF5A0 /* Build configuration list for PBXNativeTarget "QckRoast" */ = {
			isa = XCConfigurationList;
			buildConfigurations = (
				6495C57819EB06E7006CF5A0 /* Debug */,
				6495C57919EB06E7006CF5A0 /* Release */,
			);
			defaultConfigurationIsVisible = 0;
		};
		6495C57A19EB06E7006CF5A0 /* Build configuration list for PBXNativeTarget "QckRoastTests" */ = {
			isa = XCConfigurationList;
			buildConfigurations = (
				6495C57B19EB06E7006CF5A0 /* Debug */,
				6495C57C19EB06E7006CF5A0 /* Release */,
			);
			defaultConfigurationIsVisible = 0;
		};
/* End XCConfigurationList section */

/* Begin XCVersionGroup section */
		6495C55C19EB06E7006CF5A0 /* QckRoast.xcdatamodeld */ = {
			isa = XCVersionGroup;
			children = (
				6495C55D19EB06E7006CF5A0 /* QckRoast.xcdatamodel */,
			);
			currentVersion = 6495C55D19EB06E7006CF5A0 /* QckRoast.xcdatamodel */;
			path = QckRoast.xcdatamodeld;
			sourceTree = "<group>";
			versionGroupType = wrapper.xcdatamodel;
		};
/* End XCVersionGroup section */
	};
	rootObject = 6495C54D19EB06E7006CF5A0 /* Project object */;
}
